{
  "name": "pixora-site",
  "lockfileVersion": 3,
  "requires": true,
  "packages": {
    "": {
      "name": "pixora-site",
      "devDependencies": {
        "@sveltia/cms": "0.226.0",
        "playwright": "^1.49.0"
      }
    },
    "node_modules/@mixmark-io/domino": {
      "version": "2.2.0",
      "resolved": "https://registry.npmjs.org/@mixmark-io/domino/-/domino-2.2.0.tgz",
      "integrity": "sha512-Y28PR25bHXUg88kCV7nivXrP2Nj2RueZ3/l/jdx6J9f8J4nsEGcgX0Qe6lt7Pa+J79+kPiJU3LguR6O/6zrLOw==",
      "dev": true,
      "license": "BSD-2-Clause"
    },
    "node_modules/@shikijs/langs": {
      "version": "4.4.3",
      "resolved": "https://registry.npmjs.org/@shikijs/langs/-/langs-4.4.3.tgz",
      "integrity": "sha512-ePic0yfAJGOF83D5wBHK/00EjK65oahBYxFk5epgq33WRv7X9UuxLEV8PtR0szC0z8dl7INIpIodB99JRFlR+A==",
      "dev": true,
      "license": "MIT",
      "dependencies": {
        "@shikijs/types": "4.4.3"
      },
      "engines": {
        "node": ">=20"
      }
    },
    "node_modules/@shikijs/themes": {
      "version": "4.4.3",
      "resolved": "https://registry.npmjs.org/@shikijs/themes/-/themes-4.4.3.tgz",
      "integrity": "sha512-w8UHjeUnIR965KMWJHUPXOc2mNJUnK3vpVLYLvw5IYU2mnTTJ89E24OrJDBNiJDQ0qzb0tc4l7mrIXx5cFeIyw==",
      "dev": true,
      "license": "MIT",
      "dependencies": {
        "@shikijs/types": "4.4.3"
      },
      "engines": {
        "node": ">=20"
      }
    },
    "node_modules/@shikijs/types": {
      "version": "4.4.3",
      "resolved": "https://registry.npmjs.org/@shikijs/types/-/types-4.4.3.tgz",
      "integrity": "sha512-UEJxmRR++MAGR6hugn0vgVS2W/6lWAts84FFSrnlH9sP0LNol7E5+NQ792pH8liWUhyMyjhTgSUH3k7iD7tc5g==",
      "dev": true,
      "license": "MIT",
      "dependencies": {
        "@shikijs/vscode-textmate": "^10.0.2",
        "@types/hast": "^3.0.5"
      },
      "engines": {
        "node": ">=20"
      }
    },
    "node_modules/@shikijs/vscode-textmate": {
      "version": "10.0.2",
      "resolved": "https://registry.npmjs.org/@shikijs/vscode-textmate/-/vscode-textmate-10.0.2.tgz",
      "integrity": "sha512-83yeghZ2xxin3Nj8z1NMd/NCuca+gsYXswywDy5bHvwlWL8tpTQmzGeUuHd9FC3E/SBEMvzJRwWEOz5gGes9Qg==",
      "dev": true,
      "license": "MIT"
    },
    "node_modules/@sveltia/cms": {
      "version": "0.226.0",
      "resolved": "https://registry.npmjs.org/@sveltia/cms/-/cms-0.226.0.tgz",
      "integrity": "sha512-xBgDLPnF3CiwEQ7TAsMuHSmv6wYzh9QKoVHxMsUpBjyF2nezZuY+kTMO36EK3EZy2aEiqqDcjGvgNYhIT5WDoQ==",
      "dev": true,
      "license": "MIT",
      "dependencies": {
        "@shikijs/langs": "4.4.3",
        "@shikijs/themes": "4.4.3",
        "exifr": "^7.1.3",
        "immutable": "^5.1.9",
        "leaflet": "^1.9.4",
        "svgo": "^4.1.0",
        "terra-draw": "^1.35.0",
        "terra-draw-leaflet-adapter": "1.0.3",
        "turndown": "^7.2.4"
      },
      "funding": {
        "type": "github",
        "url": "https://github.com/sponsors/kyoshino"
      },
      "peerDependencies": {
        "@types/react": "^19.3.0"
      },
      "peerDependenciesMeta": {
        "@types/react": {
          "optional": true
        }
      }
    },
    "node_modules/@types/hast": {
      "version": "3.0.5",
      "resolved": "https://registry.npmjs.org/@types/hast/-/hast-3.0.5.tgz",
      "integrity": "sha512-rp/ezSWaD1m44dPKICGhiskI13nVr7qTloFwDa/IYkhhf5nzwP+zIQcIJh3WIFSBOy/H1PzB40jPjMDksN4F+g==",
      "dev": true,
      "license": "MIT",
      "dependencies": {
        "@types/unist": "*"
      }
    },
    "node_modules/@types/unist": {
      "version": "3.0.3",
      "resolved": "https://registry.npmjs.org/@types/unist/-/unist-3.0.3.tgz",
      "integrity": "sha512-ko/gIFJRv177XgZsZcBwnqJN5x/Gien8qNOn0D5bQU/zAzVf9Zt3BlcUiLqhV9y4ARk0GbT3tnUiPNgnTXzc/Q==",
      "dev": true,
      "license": "MIT"
    },
    "node_modules/boolbase": {
      "version": "1.0.0",
      "resolved": "https://registry.npmjs.org/boolbase/-/boolbase-1.0.0.tgz",
      "integrity": "sha512-JZOSA7Mo9sNGB8+UjSgzdLtokWAky1zbztM3WRLCbZ70/3cTANmQmOdR7y2g+J0e2WXywy1yS468tY+IruqEww==",
      "dev": true,
      "license": "ISC"
    },
    "node_modules/commander": {
      "version": "11.1.0",
      "resolved": "https://registry.npmjs.org/commander/-/commander-11.1.0.tgz",
      "integrity": "sha512-yPVavfyCcRhmorC7rWlkHn15b4wDVgVmBA7kV4QVBsF7kv/9TKJAbAXVTxvTnwP8HHKjRCJDClKbciiYS7p0DQ==",
      "dev": true,
      "license": "MIT",
      "engines": {
        "node": ">=16"
      }
    },
    "node_modules/css-select": {
      "version": "6.0.0",
      "resolved": "https://registry.npmjs.org/css-select/-/css-select-6.0.0.tgz",
      "integrity": "sha512-rZZVSLle8v0+EY8QAkDWrKhpgt6SA5OtHsgBnsj6ZaLb5dmDVOWUDtQitd9ydxxvEjhewNudS6eTVU7uOyzvXw==",
      "dev": true,
      "license": "BSD-2-Clause",
      "dependencies": {
        "boolbase": "^1.0.0",
        "css-what": "^7.0.0",
        "domhandler": "^5.0.3",
        "domutils": "^3.2.2",
        "nth-check": "^2.1.1"
      },
      "funding": {
        "url": "https://github.com/sponsors/fb55"
      }
    },
    "node_modules/css-tree": {
      "version": "3.2.1",
      "resolved": "https://registry.npmjs.org/css-tree/-/css-tree-3.2.1.tgz",
      "integrity": "sha512-X7sjQzceUhu1u7Y/ylrRZFU2FS6LRiFVp6rKLPg23y3x3c3DOKAwuXGDp+PAGjh6CSnCjYeAul8pcT8bAl+lSA==",
      "dev": true,
      "license": "MIT",
      "dependencies": {
        "mdn-data": "2.27.1",
        "source-map-js": "^1.2.1"
      },
      "engines": {
        "node": "^10 || ^12.20.0 || ^14.13.0 || >=15.0.0"
      }
    },
    "node_modules/css-what": {
      "version": "7.0.0",
      "resolved": "https://registry.npmjs.org/css-what/-/css-what-7.0.0.tgz",
      "integrity": "sha512-wD5oz5xibMOPHzy13CyGmogB3phdvcDaB5t0W/Nr5Z2O/agcB8YwOz6e2Lsp10pNDzBoDO9nVa3RGs/2BttpHQ==",
      "dev": true,
      "license": "BSD-2-Clause",
      "engines": {
        "node": ">= 6"
      },
      "funding": {
        "url": "https://github.com/sponsors/fb55"
      }
    },
    "node_modules/csso": {
      "version": "5.0.5",
      "resolved": "https://registry.npmjs.org/csso/-/csso-5.0.5.tgz",
      "integrity": "sha512-0LrrStPOdJj+SPCCrGhzryycLjwcgUSHBtxNA8aIDxf0GLsRh1cKYhB00Gd1lDOS4yGH69+SNn13+TWbVHETFQ==",
      "dev": true,
      "license": "MIT",
      "dependencies": {
        "css-tree": "~2.2.0"
      },
      "engines": {
        "node": "^10 || ^12.20.0 || ^14.13.0 || >=15.0.0",
        "npm": ">=7.0.0"
      }
    },
    "node_modules/csso/node_modules/css-tree": {
      "version": "2.2.1",
      "resolved": "https://registry.npmjs.org/css-tree/-/css-tree-2.2.1.tgz",
      "integrity": "sha512-OA0mILzGc1kCOCSJerOeqDxDQ4HOh+G8NbOJFOTgOCzpw7fCBubk0fEyxp8AgOL/jvLgYA/uV0cMbe43ElF1JA==",
      "dev": true,
      "license": "MIT",
      "dependencies": {
        "mdn-data": "2.0.28",
        "source-map-js": "^1.0.1"
      },
      "engines": {
        "node": "^10 || ^12.20.0 || ^14.13.0 || >=15.0.0",
        "npm": ">=7.0.0"
      }
    },
    "node_modules/csso/node_modules/mdn-data": {
      "version": "2.0.28",
      "resolved": "https://registry.npmjs.org/mdn-data/-/mdn-data-2.0.28.tgz",
      "integrity": "sha512-aylIc7Z9y4yzHYAJNuESG3hfhC+0Ibp/MAMiaOZgNv4pmEdFyfZhhhny4MNiAfWdBQ1RQ2mfDWmM1x8SvGyp8g==",
      "dev": true,
      "license": "CC0-1.0"
    },
    "node_modules/dom-serializer": {
      "version": "2.0.0",
      "resolved": "https://registry.npmjs.org/dom-serializer/-/dom-serializer-2.0.0.tgz",
      "integrity": "sha512-wIkAryiqt/nV5EQKqQpo3SToSOV9J0DnbJqwK7Wv/Trc92zIAYZ4FlMu+JPFW1DfGFt81ZTCGgDEabffXeLyJg==",
      "dev": true,
      "license": "MIT",
      "dependencies": {
        "domelementtype": "^2.3.0",
        "domhandler": "^5.0.2",
        "entities": "^4.2.0"
      },
      "funding": {
        "url": "https://github.com/cheeriojs/dom-serializer?sponsor=1"
      }
    },
    "node_modules/domelementtype": {
      "version": "2.3.0",
      "resolved": "https://registry.npmjs.org/domelementtype/-/domelementtype-2.3.0.tgz",
      "integrity": "sha512-OLETBj6w0OsagBwdXnPdN0cnMfF9opN69co+7ZrbfPGrdpPVNBUj02spi6B1N7wChLQiPn4CSH/zJvXw56gmHw==",
      "dev": true,
      "funding": [
        {
          "type": "github",
          "url": "https://github.com/sponsors/fb55"
        }
      ],
      "license": "BSD-2-Clause"
    },
    "node_modules/domhandler": {
      "version": "5.0.3",
      "resolved": "https://registry.npmjs.org/domhandler/-/domhandler-5.0.3.tgz",
      "integrity": "sha512-cgwlv/1iFQiFnU96XXgROh8xTeetsnJiDsTc7TYCLFd9+/WNkIqPTxiM/8pSd8VIrhXGTf1Ny1q1hquVqDJB5w==",
      "dev": true,
      "license": "BSD-2-Clause",
      "dependencies": {
        "domelementtype": "^2.3.0"
      },
      "engines": {
        "node": ">= 4"
      },
      "funding": {
        "url": "https://github.com/fb55/domhandler?sponsor=1"
      }
    },
    "node_modules/domutils": {
      "version": "3.2.2",
      "resolved": "https://registry.npmjs.org/domutils/-/domutils-3.2.2.tgz",
      "integrity": "sha512-6kZKyUajlDuqlHKVX1w7gyslj9MPIXzIFiz/rGu35uC1wMi+kMhQwGhl4lt9unC9Vb9INnY9Z3/ZA3+FhASLaw==",
      "dev": true,
      "license": "BSD-2-Clause",
      "dependencies": {
        "dom-serializer": "^2.0.0",
        "domelementtype": "^2.3.0",
        "domhandler": "^5.0.3"
      },
      "funding": {
        "url": "https://github.com/fb55/domutils?sponsor=1"
      }
    },
    "node_modules/entities": {
      "version": "4.5.0",
      "resolved": "https://registry.npmjs.org/entities/-/entities-4.5.0.tgz",
      "integrity": "sha512-V0hjH4dGPh9Ao5p0MoRY6BVqtwCjhz6vI5LT8AJ55H+4g9/4vbHx1I54fS0XuclLhDHArPQCiMjDxjaL8fPxhw==",
      "dev": true,
      "license": "BSD-2-Clause",
      "engines": {
        "node": ">=0.12"
      },
      "funding": {
        "url": "https://github.com/fb55/entities?sponsor=1"
      }
    },
    "node_modules/exifr": {
      "version": "7.1.3",
      "resolved": "https://registry.npmjs.org/exifr/-/exifr-7.1.3.tgz",
      "integrity": "sha512-g/aje2noHivrRSLbAUtBPWFbxKdKhgj/xr1vATDdUXPOFYJlQ62Ft0oy+72V6XLIpDJfHs6gXLbBLAolqOXYRw==",
      "dev": true,
      "license": "MIT"
    },
    "node_modules/immutable": {
      "version": "5.1.9",
      "resolved": "https://registry.npmjs.org/immutable/-/immutable-5.1.9.tgz",
      "integrity": "sha512-m8nVez3rwrgmWxtLMt1ZYXB2Lv7OKYn/disyxAlSDYAlKSlFoPPfIAmAM/M5xqL4m4C/wAPw7S2/CNaUii1Hxg==",
      "dev": true,
      "license": "MIT"
    },
    "node_modules/leaflet": {
      "version": "1.9.4",
      "resolved": "https://registry.npmjs.org/leaflet/-/leaflet-1.9.4.tgz",
      "integrity": "sha512-nxS1ynzJOmOlHp+iL3FyWqK89GtNL8U8rvlMOsQdTTssxZwCXh8N2NB3GDQOL+YR3XnWyZAxwQixURb+FA74PA==",
      "dev": true,
      "license": "BSD-2-Clause"
    },
    "node_modules/mdn-data": {
      "version": "2.27.1",
      "resolved": "https://registry.npmjs.org/mdn-data/-/mdn-data-2.27.1.tgz",
      "integrity": "sha512-9Yubnt3e8A0OKwxYSXyhLymGW4sCufcLG6VdiDdUGVkPhpqLxlvP5vl1983gQjJl3tqbrM731mjaZaP68AgosQ==",
      "dev": true,
      "license": "CC0-1.0"
    },
    "node_modules/nth-check": {
      "version": "2.1.1",
      "resolved": "https://registry.npmjs.org/nth-check/-/nth-check-2.1.1.tgz",
      "integrity": "sha512-lqjrjmaOoAnWfMmBPL+XNnynZh2+swxiX3WUE0s4yEHI6m+AwrK2UZOimIRl3X/4QctVqS8AiZjFqyOGrMXb/w==",
      "dev": true,
      "license": "BSD-2-Clause",
      "dependencies": {
        "boolbase": "^1.0.0"
      },
      "funding": {
        "url": "https://github.com/fb55/nth-check?sponsor=1"
      }
    },
    "node_modules/picocolors": {
      "version": "1.1.1",
      "resolved": "https://registry.npmjs.org/picocolors/-/picocolors-1.1.1.tgz",
      "integrity": "sha512-xceH2snhtb5M9liqDsmEw56le376mTZkEX/jEb/RxNFyegNul7eNslCXP9FDj/Lcu0X8KEyMceP2ntpaHrDEVA==",
      "dev": true,
      "license": "ISC"
    },
    "node_modules/playwright": {
      "version": "1.63.0",
      "resolved": "https://registry.npmjs.org/playwright/-/playwright-1.63.0.tgz",
      "integrity": "sha512-+7ziBLidS4NaNCdt57SUDT+wYmmd5fmiQejUic/kb+YsYSCPyOOE9sebzMjNmQrsnNpDJqd4WHvV/8lfKfUDUg==",
      "dev": true,
      "license": "Apache-2.0",
      "dependencies": {
        "playwright-core": "1.63.0"
      },
      "bin": {
        "playwright": "cli.js"
      },
      "engines": {
        "node": ">=20"
      }
    },
    "node_modules/playwright-core": {
      "version": "1.63.0",
      "resolved": "https://registry.npmjs.org/playwright-core/-/playwright-core-1.63.0.tgz",
      "integrity": "sha512-rYCsBF/M5HjUch52bbtVONEFjv6Xu8sm8h72dNlR5bzIE1fvC/bxgspzkjSfU+MweEMmPM8KJebG6nnyxo5mCg==",
      "dev": true,
      "license": "Apache-2.0",
      "bin": {
        "playwright-core": "cli.js"
      },
      "engines": {
        "node": ">=20"
      }
    },
    "node_modules/sax": {
      "version": "1.6.1",
      "resolved": "https://registry.npmjs.org/sax/-/sax-1.6.1.tgz",
      "integrity": "sha512-42tBVwLWnaQvW5zc4HbZrTuWccECCZfBi92FDuwtqxasH+JbPB3/FOKb1m222K42R4WxuxzzMsTswfzgtSu64Q==",
      "dev": true,
      "license": "BlueOak-1.0.0",
      "engines": {
        "node": ">=11.0.0"
      }
    },
    "node_modules/source-map-js": {
      "version": "1.2.2",
      "resolved": "https://registry.npmjs.org/source-map-js/-/source-map-js-1.2.2.tgz",
      "integrity": "sha512-KGj/8Y43x35aZVDtt+J4mK1hoLGHULMYfSkODJNQjNDC3oW1PqPoxMwo0pLUsWM/UEGzON/NxeHywEfNXNP3Vw==",
      "dev": true,
      "license": "BSD-3-Clause",
      "engines": {
        "node": ">=0.10.0"
      }
    },
    "node_modules/svgo": {
      "version": "4.1.0",
      "resolved": "https://registry.npmjs.org/svgo/-/svgo-4.1.0.tgz",
      "integrity": "sha512-bkxnTg1kSU0guhIBmibA6UUhrQmPVA1XsQLN+ylCd+UWzbnLkySOcXpyk1mrl05f+pcaCx2eHb+sp6BgMZWX+Q==",
      "dev": true,
      "license": "MIT",
      "dependencies": {
        "commander": "^11.1.0",
        "css-select": "^6.0.0",
        "css-tree": "^3.0.1",
        "css-what": "^7.0.0",
        "csso": "^5.0.5",
        "picocolors": "^1.1.1",
        "sax": "1.6.1"
      },
      "bin": {
        "svgo": "bin/svgo.js"
      },
      "engines": {
        "node": ">=16"
      },
      "funding": {
        "type": "opencollective",
        "url": "https://opencollective.com/svgo"
      }
    },
    "node_modules/terra-draw": {
      "version": "1.35.0",
      "resolved": "https://registry.npmjs.org/terra-draw/-/terra-draw-1.35.0.tgz",
      "integrity": "sha512-uQI8lcPiUMqwVV29CexTfvT/AM4lGHtA+xWraW4njVExiM1+eGvRetYOBXmXEmgy5pL4X2dmjwMRH8JEYVtbgw==",
      "dev": true,
      "license": "MIT"
    },
    "node_modules/terra-draw-leaflet-adapter": {
      "version": "1.0.3",
      "resolved": "https://registry.npmjs.org/terra-draw-leaflet-adapter/-/terra-draw-leaflet-adapter-1.0.3.tgz",
      "integrity": "sha512-yYUDwyKxGj69pUzd4L2YclXwAxNhuXI01DCm8KbOtGxnf4I+PmFsAQrwA/sU5EbdaOj1AaPrPqadihgFvrSOng==",
      "dev": true,
      "license": "MIT",
      "peerDependencies": {
        "leaflet": "^1.9.4",
        "terra-draw": "^1.0.0"
      }
    },
    "node_modules/turndown": {
      "version": "7.2.4",
      "resolved": "https://registry.npmjs.org/turndown/-/turndown-7.2.4.tgz",
      "integrity": "sha512-I8yFsfRzmzK0WV1pNNOA4A7y4RDfFxPRxb3t+e3ui14qSGOxGtiSP6GjeX+Y6CHb7HYaFj7ECUD7VE5kQMZWGQ==",
      "dev": true,
      "license": "MIT",
      "dependencies": {
        "@mixmark-io/domino": "^2.2.0"
      },
      "engines": {
        "node": ">=18",
        "npm": ">=9"
      }
    }
  }
}
